
Microsoft Visual Studio Solution File, Format Version 12.00
# Visual Studio Version 17
VisualStudioVersion = 17.6.33815.320
MinimumVisualStudioVersion = 10.0.40219.1
Project("{9A19103F-16F7-4668-BE54-9A1E7A4F7556}") = "Agro-Express", "Agro-Express.csproj", "{304691D4-0736-4127-A1BF-6D7C4477CD1B}"
EndProject
Global
	GlobalSection(SolutionConfigurationPlatforms) = preSolution
		Debug|Any CPU = Debug|Any CPU
		Release|Any CPU = Release|Any CPU
	EndGlobalSection
	GlobalSection(ProjectConfigurationPlatforms) = postSolution
		{304691D4-0736-4127-A1BF-6D7C4477CD1B}.Debug|Any CPU.ActiveCfg = Debug|Any CPU
		{304691D4-0736-4127-A1BF-6D7C4477CD1B}.Debug|Any CPU.Build.0 = Debug|Any CPU
		{304691D4-0736-4127-A1BF-6D7C4477CD1B}.Release|Any CPU.ActiveCfg = Release|Any CPU
		{304691D4-0736-4127-A1BF-6D7C4477CD1B}.Release|Any CPU.Build.0 = Release|Any CPU
	EndGlobalSection
	GlobalSection(SolutionProperties) = preSolution
		HideSolutionNode = FALSE
	EndGlobalSection
	GlobalSection(ExtensibilityGlobals) = postSolution
		SolutionGuid = {FF742C17-4F24-439D-9C29-C1D77208B7CD}
	EndGlobalSection
EndGlobal
